{
  "nodes": {
    "flake-parts": {
      "inputs": {
        "nixpkgs-lib": [
          "nixpkgs"
        ]
      },
      "locked": {
        "lastModified": 1782949081,
        "narHash": "sha256-vp6Y/Grm98ESt6ceOkWiHWyZRDV3J1RID4w+6NWK9yA=",
        "owner": "hercules-ci",
        "repo": "flake-parts",
        "rev": "17c9d6cdfc60c64f4ee8d306f9bc0b4ccb51481e",
        "type": "github"
      },
      "original": {
        "owner": "hercules-ci",
        "repo": "flake-parts",
        "type": "github"
      }
    },
    "nixpkgs": {
      "locked": {
        "lastModified": 1784555310,
        "narHash": "sha256-/FCliTPgiuV1owejZFNx3Ch9irdvkOfOFl+HHZ+DrtM=",
        "owner": "NixOS",
        "repo": "nixpkgs",
        "rev": "421eebfd0ec7bccd4abe826ce62d7e6e83129493",
        "type": "github"
      },
      "original": {
        "owner": "NixOS",
        "ref": "nixpkgs-unstable",
        "repo": "nixpkgs",
        "type": "github"
      }
    },
    "nvim-texlabconfig": {
      "flake": false,
      "locked": {
        "lastModified": 1740387439,
        "narHash": "sha256-1dvC0oPKFWFUWbl4204Y9yGOsAPwQeYwfcTFRPfhuNQ=",
        "owner": "f3fora",
        "repo": "nvim-texlabconfig",
        "rev": "bac44e8e4dfe37fc4f4ffba86e144fe5da2322e4",
        "type": "github"
      },
      "original": {
        "owner": "f3fora",
        "repo": "nvim-texlabconfig",
        "type": "github"
      }
    },
    "plugins-lze": {
      "flake": false,
      "locked": {
        "lastModified": 1782136817,
        "narHash": "sha256-7RNUVDWU13E0LGv3QVfC/Qmz/gA564FKfpv6PxYn75M=",
        "owner": "BirdeeHub",
        "repo": "lze",
        "rev": "ae45b9f1fd923955a5ebc733b920e23f0c105ae1",
        "type": "github"
      },
      "original": {
        "owner": "BirdeeHub",
        "repo": "lze",
        "type": "github"
      }
    },
    "plugins-lzextras": {
      "flake": false,
      "locked": {
        "lastModified": 1782220927,
        "narHash": "sha256-9hoMQoor4SjQ8+2eH33YQkoEfSXc+kKjRdTRCJYxL+M=",
        "owner": "BirdeeHub",
        "repo": "lzextras",
        "rev": "0dd4ed15331b6eaf4b6304d4e0db32ccb043b76e",
        "type": "github"
      },
      "original": {
        "owner": "BirdeeHub",
        "repo": "lzextras",
        "type": "github"
      }
    },
    "root": {
      "inputs": {
        "flake-parts": "flake-parts",
        "nixpkgs": "nixpkgs",
        "nvim-texlabconfig": "nvim-texlabconfig",
        "plugins-lze": "plugins-lze",
        "plugins-lzextras": "plugins-lzextras",
        "wrappers": "wrappers"
      }
    },
    "wrappers": {
      "inputs": {
        "nixpkgs": [
          "nixpkgs"
        ]
      },
      "locked": {
        "lastModified": 1782135443,
        "narHash": "sha256-vAmbArdCyjqpVW+37aCy/PMBOLIqukUXLQuEKLwUhA4=",
        "owner": "BirdeeHub",
        "repo": "nix-wrapper-modules",
        "rev": "6e7f66fa2cdf4d63162580b438f7fcf87c28a46f",
        "type": "github"
      },
      "original": {
        "owner": "BirdeeHub",
        "repo": "nix-wrapper-modules",
        "type": "github"
      }
    }
  },
  "root": "root",
  "version": 7
}
