{
  "nodes": {
    "flake-parts": {
      "inputs": {
        "nixpkgs-lib": [
          "nixpkgs"
        ]
      },
      "locked": {
        "lastModified": 1782949081,
        "narHash": "sha256-vp6Y/Grm98ESt6ceOkWiHWyZRDV3J1RID4w+6NWK9yA=",
        "owner": "hercules-ci",
        "repo": "flake-parts",
        "rev": "17c9d6cdfc60c64f4ee8d306f9bc0b4ccb51481e",
        "type": "github"
      },
      "original": {
        "owner": "hercules-ci",
        "repo": "flake-parts",
        "type": "github"
      }
    },
    "nixpkgs": {
      "locked": {
        "lastModified": 1778274207,
        "narHash": "sha256-I4puXmX1iovcCHZlRmztO3vW0mAbbRvq4F8wgIMQ1MM=",
        "owner": "NixOS",
        "repo": "nixpkgs",
        "rev": "b3da656039dc7a6240f27b2ef8cc6a3ef3bccae7",
        "type": "github"
      },
      "original": {
        "owner": "NixOS",
        "ref": "nixpkgs-unstable",
        "repo": "nixpkgs",
        "type": "github"
      }
    },
    "nvim-texlabconfig": {
      "flake": false,
      "locked": {
        "lastModified": 1740387439,
        "narHash": "sha256-1dvC0oPKFWFUWbl4204Y9yGOsAPwQeYwfcTFRPfhuNQ=",
        "owner": "f3fora",
        "repo": "nvim-texlabconfig",
        "rev": "bac44e8e4dfe37fc4f4ffba86e144fe5da2322e4",
        "type": "github"
      },
      "original": {
        "owner": "f3fora",
        "repo": "nvim-texlabconfig",
        "type": "github"
      }
    },
    "plugins-lze": {
      "flake": false,
      "locked": {
        "lastModified": 1777965288,
        "narHash": "sha256-9SuyTwi5VTItMZOODyk9GFN/+U40gye/p152cZ+W5qk=",
        "owner": "BirdeeHub",
        "repo": "lze",
        "rev": "3893146bd80705512cd4d8109c144645aee75497",
        "type": "github"
      },
      "original": {
        "owner": "BirdeeHub",
        "repo": "lze",
        "type": "github"
      }
    },
    "plugins-lzextras": {
      "flake": false,
      "locked": {
        "lastModified": 1777932976,
        "narHash": "sha256-yM+GQLUicuPHRwSI9VF8BfQyahYq1H/9cdwQpwwp4xA=",
        "owner": "BirdeeHub",
        "repo": "lzextras",
        "rev": "0d4e65278af04a79e4182af555e759621442a17d",
        "type": "github"
      },
      "original": {
        "owner": "BirdeeHub",
        "repo": "lzextras",
        "type": "github"
      }
    },
    "root": {
      "inputs": {
        "flake-parts": "flake-parts",
        "nixpkgs": "nixpkgs",
        "nvim-texlabconfig": "nvim-texlabconfig",
        "plugins-lze": "plugins-lze",
        "plugins-lzextras": "plugins-lzextras",
        "wrappers": "wrappers"
      }
    },
    "wrappers": {
      "inputs": {
        "nixpkgs": [
          "nixpkgs"
        ]
      },
      "locked": {
        "lastModified": 1778402342,
        "narHash": "sha256-u3JRsWy5vZrMriLpzITjFDTHrVQC5aBG/EK7oMzLTxM=",
        "owner": "BirdeeHub",
        "repo": "nix-wrapper-modules",
        "rev": "f6e73a9de81cd432a45d7cbecb66bd14a3b072a1",
        "type": "github"
      },
      "original": {
        "owner": "BirdeeHub",
        "repo": "nix-wrapper-modules",
        "type": "github"
      }
    }
  },
  "root": "root",
  "version": 7
}
